
Microsoft Visual Studio Solution File, Format Version 12.00
# Visual Studio Version 17
VisualStudioVersion = 17.0.32126.317
MinimumVisualStudioVersion = 10.0.40219.1
Project("{9A19103F-16F7-4668-BE54-9A1E7A4F7556}") = "FungiJournal.API", "FungiJournal.API\FungiJournal.API.csproj", "{990FB3FE-BAAE-44F0-AE7A-648CA6268622}"
EndProject
Project("{9A19103F-16F7-4668-BE54-9A1E7A4F7556}") = "FungiJournal.DataAccess", "FungiJournal.DataAccess\FungiJournal.DataAccess.csproj", "{57FE284A-47A6-4B95-A2D6-E0916169A797}"
EndProject
Project("{FAE04EC0-301F-11D3-BF4B-00C04F79EFBC}") = "FungiJournal.Domain", "FungiJournal.Domain\FungiJournal.Domain.csproj", "{85F0C798-55FF-4E53-80D2-11B74E6CBDA2}"
EndProject
Project("{FAE04EC0-301F-11D3-BF4B-00C04F79EFBC}") = "FungiJournal.Domain.Test", "FungiJournal.Domain.Test\FungiJournal.Domain.Test.csproj", "{2DCDA46B-EC9F-49FC-82B4-883BB80311D5}"
EndProject
Project("{FAE04EC0-301F-11D3-BF4B-00C04F79EFBC}") = "FungiJournal.DataAccess.Test", "FungiJournal.DataAccess.Test\FungiJournal.DataAccess.Test.csproj", "{A938D6C0-2736-4287-BB88-34BC050A6265}"
EndProject
Global
	GlobalSection(SolutionConfigurationPlatforms) = preSolution
		Debug|Any CPU = Debug|Any CPU
		Release|Any CPU = Release|Any CPU
	EndGlobalSection
	GlobalSection(ProjectConfigurationPlatforms) = postSolution
		{990FB3FE-BAAE-44F0-AE7A-648CA6268622}.Debug|Any CPU.ActiveCfg = Debug|Any CPU
		{990FB3FE-BAAE-44F0-AE7A-648CA6268622}.Debug|Any CPU.Build.0 = Debug|Any CPU
		{990FB3FE-BAAE-44F0-AE7A-648CA6268622}.Release|Any CPU.ActiveCfg = Release|Any CPU
		{990FB3FE-BAAE-44F0-AE7A-648CA6268622}.Release|Any CPU.Build.0 = Release|Any CPU
		{57FE284A-47A6-4B95-A2D6-E0916169A797}.Debug|Any CPU.ActiveCfg = Debug|Any CPU
		{57FE284A-47A6-4B95-A2D6-E0916169A797}.Debug|Any CPU.Build.0 = Debug|Any CPU
		{57FE284A-47A6-4B95-A2D6-E0916169A797}.Release|Any CPU.ActiveCfg = Release|Any CPU
		{57FE284A-47A6-4B95-A2D6-E0916169A797}.Release|Any CPU.Build.0 = Release|Any CPU
		{85F0C798-55FF-4E53-80D2-11B74E6CBDA2}.Debug|Any CPU.ActiveCfg = Debug|Any CPU
		{85F0C798-55FF-4E53-80D2-11B74E6CBDA2}.Debug|Any CPU.Build.0 = Debug|Any CPU
		{85F0C798-55FF-4E53-80D2-11B74E6CBDA2}.Release|Any CPU.ActiveCfg = Release|Any CPU
		{85F0C798-55FF-4E53-80D2-11B74E6CBDA2}.Release|Any CPU.Build.0 = Release|Any CPU
		{2DCDA46B-EC9F-49FC-82B4-883BB80311D5}.Debug|Any CPU.ActiveCfg = Debug|Any CPU
		{2DCDA46B-EC9F-49FC-82B4-883BB80311D5}.Debug|Any CPU.Build.0 = Debug|Any CPU
		{2DCDA46B-EC9F-49FC-82B4-883BB80311D5}.Release|Any CPU.ActiveCfg = Release|Any CPU
		{2DCDA46B-EC9F-49FC-82B4-883BB80311D5}.Release|Any CPU.Build.0 = Release|Any CPU
		{A938D6C0-2736-4287-BB88-34BC050A6265}.Debug|Any CPU.ActiveCfg = Debug|Any CPU
		{A938D6C0-2736-4287-BB88-34BC050A6265}.Debug|Any CPU.Build.0 = Debug|Any CPU
		{A938D6C0-2736-4287-BB88-34BC050A6265}.Release|Any CPU.ActiveCfg = Release|Any CPU
		{A938D6C0-2736-4287-BB88-34BC050A6265}.Release|Any CPU.Build.0 = Release|Any CPU
	EndGlobalSection
	GlobalSection(SolutionProperties) = preSolution
		HideSolutionNode = FALSE
	EndGlobalSection
	GlobalSection(ExtensibilityGlobals) = postSolution
		SolutionGuid = {C9C4EB04-DAD4-4EB0-AF36-B96F3799BEE4}
	EndGlobalSection
EndGlobal
